schema: '2.0'
stages:
  download_data:
    cmd: python3 download_data.py
    deps:
    - path: download_data.py
      md5: 49ca9fff9286786f6a464d9037a1de30
      size: 183
    outs:
    - path: datasets/cifar10
      md5: e252d2c8ba36d1ab3e21a873ab62daa3.dir
      size: 356712185
      nfiles: 9
  train:
    cmd: python3 train.py
    deps:
    - path: datasets/cifar10
      md5: e252d2c8ba36d1ab3e21a873ab62daa3.dir
      size: 356712185
      nfiles: 9
    - path: net.py
      md5: 37c971952126794cd721b6212e7652b5
      size: 1311
    - path: train.py
      md5: 0950c426acc9c2d0decb8efa191965a9
      size: 2777
    params:
      params.yaml:
        dataset.batch_size: 256
        hyperparams.num_epochs: 5
    outs:
    - path: checkpoints
      md5: a905fefcdf18ea5835d7e84d1b299136.dir
      size: 1255035
      nfiles: 5
    - path: metrics.json
      md5: a1ce885e37db15d47c529d8511508d57
      size: 85
