schema: '2.0'
stages:
  download_data:
    cmd: python3 download_data.py
    deps:
    - path: download_data.py
      md5: 49ca9fff9286786f6a464d9037a1de30
      size: 183
    outs:
    - path: datasets/cifar10
      md5: e252d2c8ba36d1ab3e21a873ab62daa3.dir
      size: 356712185
      nfiles: 9
  train:
    cmd: python3 train.py
    deps:
    - path: datasets/cifar10
      md5: e252d2c8ba36d1ab3e21a873ab62daa3.dir
      size: 356712185
      nfiles: 9
    - path: net.py
      md5: 37c971952126794cd721b6212e7652b5
      size: 1311
    - path: train.py
      md5: 064f890376a623715d00972b6bd8b1cd
      size: 2657
    params:
      params.yaml:
        dataset.batch_size: 256
        hyperparams.num_epochs: 3
    outs:
    - path: metrics.json
      md5: 0f5bb16ea724f024189464e9a7c7c2ff
      size: 86
